
Microsoft Visual Studio Solution File, Format Version 12.00
# Visual Studio Version 17
VisualStudioVersion = 17.0.31612.314
MinimumVisualStudioVersion = 10.0.40219.1
Project("{9A19103F-16F7-4668-BE54-9A1E7A4F7556}") = "app", "app\app.csproj", "{CA2487A4-E169-40DE-9625-D095E89DE00A}"
EndProject
Project("{9A19103F-16F7-4668-BE54-9A1E7A4F7556}") = "Tests", "Tests\Tests.csproj", "{EF3EE2E8-2E6B-4100-AB91-4D38B6CB5B0C}"
EndProject
Project("{9A19103F-16F7-4668-BE54-9A1E7A4F7556}") = "api", "api\api.csproj", "{35188B13-44D3-4577-AC36-E618ADCB2D0D}"
EndProject
Project("{9A19103F-16F7-4668-BE54-9A1E7A4F7556}") = "LoggerService", "LoggerService\LoggerService.csproj", "{0804B15C-F019-4B74-9656-BE5AA347C1AE}"
EndProject
Project("{9A19103F-16F7-4668-BE54-9A1E7A4F7556}") = "Contracts", "Contracts\Contracts.csproj", "{ED6B80E6-E857-4A38-8BB6-812390D725E2}"
EndProject
Global
	GlobalSection(SolutionConfigurationPlatforms) = preSolution
		Debug|Any CPU = Debug|Any CPU
		Debug|x64 = Debug|x64
		Debug|x86 = Debug|x86
		Release|Any CPU = Release|Any CPU
		Release|x64 = Release|x64
		Release|x86 = Release|x86
	EndGlobalSection
	GlobalSection(ProjectConfigurationPlatforms) = postSolution
		{CA2487A4-E169-40DE-9625-D095E89DE00A}.Debug|Any CPU.ActiveCfg = Debug|Any CPU
		{CA2487A4-E169-40DE-9625-D095E89DE00A}.Debug|Any CPU.Build.0 = Debug|Any CPU
		{CA2487A4-E169-40DE-9625-D095E89DE00A}.Debug|x64.ActiveCfg = Debug|Any CPU
		{CA2487A4-E169-40DE-9625-D095E89DE00A}.Debug|x64.Build.0 = Debug|Any CPU
		{CA2487A4-E169-40DE-9625-D095E89DE00A}.Debug|x86.ActiveCfg = Debug|Any CPU
		{CA2487A4-E169-40DE-9625-D095E89DE00A}.Debug|x86.Build.0 = Debug|Any CPU
		{CA2487A4-E169-40DE-9625-D095E89DE00A}.Release|Any CPU.ActiveCfg = Release|Any CPU
		{CA2487A4-E169-40DE-9625-D095E89DE00A}.Release|Any CPU.Build.0 = Release|Any CPU
		{CA2487A4-E169-40DE-9625-D095E89DE00A}.Release|x64.ActiveCfg = Release|Any CPU
		{CA2487A4-E169-40DE-9625-D095E89DE00A}.Release|x64.Build.0 = Release|Any CPU
		{CA2487A4-E169-40DE-9625-D095E89DE00A}.Release|x86.ActiveCfg = Release|Any CPU
		{CA2487A4-E169-40DE-9625-D095E89DE00A}.Release|x86.Build.0 = Release|Any CPU
		{EF3EE2E8-2E6B-4100-AB91-4D38B6CB5B0C}.Debug|Any CPU.ActiveCfg = Debug|Any CPU
		{EF3EE2E8-2E6B-4100-AB91-4D38B6CB5B0C}.Debug|Any CPU.Build.0 = Debug|Any CPU
		{EF3EE2E8-2E6B-4100-AB91-4D38B6CB5B0C}.Debug|x64.ActiveCfg = Debug|Any CPU
		{EF3EE2E8-2E6B-4100-AB91-4D38B6CB5B0C}.Debug|x64.Build.0 = Debug|Any CPU
		{EF3EE2E8-2E6B-4100-AB91-4D38B6CB5B0C}.Debug|x86.ActiveCfg = Debug|Any CPU
		{EF3EE2E8-2E6B-4100-AB91-4D38B6CB5B0C}.Debug|x86.Build.0 = Debug|Any CPU
		{EF3EE2E8-2E6B-4100-AB91-4D38B6CB5B0C}.Release|Any CPU.ActiveCfg = Release|Any CPU
		{EF3EE2E8-2E6B-4100-AB91-4D38B6CB5B0C}.Release|Any CPU.Build.0 = Release|Any CPU
		{EF3EE2E8-2E6B-4100-AB91-4D38B6CB5B0C}.Release|x64.ActiveCfg = Release|Any CPU
		{EF3EE2E8-2E6B-4100-AB91-4D38B6CB5B0C}.Release|x64.Build.0 = Release|Any CPU
		{EF3EE2E8-2E6B-4100-AB91-4D38B6CB5B0C}.Release|x86.ActiveCfg = Release|Any CPU
		{EF3EE2E8-2E6B-4100-AB91-4D38B6CB5B0C}.Release|x86.Build.0 = Release|Any CPU
		{35188B13-44D3-4577-AC36-E618ADCB2D0D}.Debug|Any CPU.ActiveCfg = Debug|Any CPU
		{35188B13-44D3-4577-AC36-E618ADCB2D0D}.Debug|Any CPU.Build.0 = Debug|Any CPU
		{35188B13-44D3-4577-AC36-E618ADCB2D0D}.Debug|x64.ActiveCfg = Debug|Any CPU
		{35188B13-44D3-4577-AC36-E618ADCB2D0D}.Debug|x64.Build.0 = Debug|Any CPU
		{35188B13-44D3-4577-AC36-E618ADCB2D0D}.Debug|x86.ActiveCfg = Debug|Any CPU
		{35188B13-44D3-4577-AC36-E618ADCB2D0D}.Debug|x86.Build.0 = Debug|Any CPU
		{35188B13-44D3-4577-AC36-E618ADCB2D0D}.Release|Any CPU.ActiveCfg = Release|Any CPU
		{35188B13-44D3-4577-AC36-E618ADCB2D0D}.Release|Any CPU.Build.0 = Release|Any CPU
		{35188B13-44D3-4577-AC36-E618ADCB2D0D}.Release|x64.ActiveCfg = Release|Any CPU
		{35188B13-44D3-4577-AC36-E618ADCB2D0D}.Release|x64.Build.0 = Release|Any CPU
		{35188B13-44D3-4577-AC36-E618ADCB2D0D}.Release|x86.ActiveCfg = Release|Any CPU
		{35188B13-44D3-4577-AC36-E618ADCB2D0D}.Release|x86.Build.0 = Release|Any CPU
		{0804B15C-F019-4B74-9656-BE5AA347C1AE}.Debug|Any CPU.ActiveCfg = Debug|Any CPU
		{0804B15C-F019-4B74-9656-BE5AA347C1AE}.Debug|Any CPU.Build.0 = Debug|Any CPU
		{0804B15C-F019-4B74-9656-BE5AA347C1AE}.Debug|x64.ActiveCfg = Debug|Any CPU
		{0804B15C-F019-4B74-9656-BE5AA347C1AE}.Debug|x64.Build.0 = Debug|Any CPU
		{0804B15C-F019-4B74-9656-BE5AA347C1AE}.Debug|x86.ActiveCfg = Debug|Any CPU
		{0804B15C-F019-4B74-9656-BE5AA347C1AE}.Debug|x86.Build.0 = Debug|Any CPU
		{0804B15C-F019-4B74-9656-BE5AA347C1AE}.Release|Any CPU.ActiveCfg = Release|Any CPU
		{0804B15C-F019-4B74-9656-BE5AA347C1AE}.Release|Any CPU.Build.0 = Release|Any CPU
		{0804B15C-F019-4B74-9656-BE5AA347C1AE}.Release|x64.ActiveCfg = Release|Any CPU
		{0804B15C-F019-4B74-9656-BE5AA347C1AE}.Release|x64.Build.0 = Release|Any CPU
		{0804B15C-F019-4B74-9656-BE5AA347C1AE}.Release|x86.ActiveCfg = Release|Any CPU
		{0804B15C-F019-4B74-9656-BE5AA347C1AE}.Release|x86.Build.0 = Release|Any CPU
		{ED6B80E6-E857-4A38-8BB6-812390D725E2}.Debug|Any CPU.ActiveCfg = Debug|Any CPU
		{ED6B80E6-E857-4A38-8BB6-812390D725E2}.Debug|Any CPU.Build.0 = Debug|Any CPU
		{ED6B80E6-E857-4A38-8BB6-812390D725E2}.Debug|x64.ActiveCfg = Debug|Any CPU
		{ED6B80E6-E857-4A38-8BB6-812390D725E2}.Debug|x64.Build.0 = Debug|Any CPU
		{ED6B80E6-E857-4A38-8BB6-812390D725E2}.Debug|x86.ActiveCfg = Debug|Any CPU
		{ED6B80E6-E857-4A38-8BB6-812390D725E2}.Debug|x86.Build.0 = Debug|Any CPU
		{ED6B80E6-E857-4A38-8BB6-812390D725E2}.Release|Any CPU.ActiveCfg = Release|Any CPU
		{ED6B80E6-E857-4A38-8BB6-812390D725E2}.Release|Any CPU.Build.0 = Release|Any CPU
		{ED6B80E6-E857-4A38-8BB6-812390D725E2}.Release|x64.ActiveCfg = Release|Any CPU
		{ED6B80E6-E857-4A38-8BB6-812390D725E2}.Release|x64.Build.0 = Release|Any CPU
		{ED6B80E6-E857-4A38-8BB6-812390D725E2}.Release|x86.ActiveCfg = Release|Any CPU
		{ED6B80E6-E857-4A38-8BB6-812390D725E2}.Release|x86.Build.0 = Release|Any CPU
	EndGlobalSection
	GlobalSection(SolutionProperties) = preSolution
		HideSolutionNode = FALSE
	EndGlobalSection
	GlobalSection(ExtensibilityGlobals) = postSolution
		SolutionGuid = {D61AD4FE-2B57-46D1-A91C-A3AD4E3120AD}
	EndGlobalSection
EndGlobal
